// !$*UTF8*$!
{
	archiveVersion = 1;
	classes = {
	};
	objectVersion = 50;
	objects = {

/* Begin PBXBuildFile section */
		A301DB8820F7E07E00074BBD /* Phonenumber+CoreDataClass.swift in Sources */ = {isa = PBXBuildFile; fileRef = A301DB8420F7E07D00074BBD /* Phonenumber+CoreDataClass.swift */; };
		A301DB8920F7E07E00074BBD /* Phonenumber+CoreDataProperties.swift in Sources */ = {isa = PBXBuildFile; fileRef = A301DB8520F7E07D00074BBD /* Phonenumber+CoreDataProperties.swift */; };
		A301DB8A20F7E07E00074BBD /* Human+CoreDataClass.swift in Sources */ = {isa = PBXBuildFile; fileRef = A301DB8620F7E07E00074BBD /* Human+CoreDataClass.swift */; };
		A301DB8B20F7E07E00074BBD /* Human+CoreDataProperties.swift in Sources */ = {isa = PBXBuildFile; fileRef = A301DB8720F7E07E00074BBD /* Human+CoreDataProperties.swift */; };
		A322B0CE20F4DFCA00661706 /* UIImageViewExtension.swift in Sources */ = {isa = PBXBuildFile; fileRef = A322B0CD20F4DFCA00661706 /* UIImageViewExtension.swift */; };
		A32D55E220C128F80005885D /* AppDelegate.swift in Sources */ = {isa = PBXBuildFile; fileRef = A32D55E120C128F80005885D /* AppDelegate.swift */; };
		A32D55EA20C128F80005885D /* SbisTestContacts.xcdatamodeld in Sources */ = {isa = PBXBuildFile; fileRef = A32D55E820C128F80005885D /* SbisTestContacts.xcdatamodeld */; };
		A32D55EC20C128F90005885D /* Assets.xcassets in Resources */ = {isa = PBXBuildFile; fileRef = A32D55EB20C128F90005885D /* Assets.xcassets */; };
		A32D55EF20C128F90005885D /* LaunchScreen.storyboard in Resources */ = {isa = PBXBuildFile; fileRef = A32D55ED20C128F90005885D /* LaunchScreen.storyboard */; };
		A32D561B20C40BA70005885D /* MasterViewController.swift in Sources */ = {isa = PBXBuildFile; fileRef = A32D561A20C40BA70005885D /* MasterViewController.swift */; };
		A32D561D20C40BD30005885D /* DetailViewController.swift in Sources */ = {isa = PBXBuildFile; fileRef = A32D561C20C40BD30005885D /* DetailViewController.swift */; };
		A32D562F20C4180D0005885D /* DataSource.json in Resources */ = {isa = PBXBuildFile; fileRef = A32D562E20C4180D0005885D /* DataSource.json */; };
		A32D563120C422880005885D /* CoreDataStack.swift in Sources */ = {isa = PBXBuildFile; fileRef = A32D563020C422870005885D /* CoreDataStack.swift */; };
		A3303A1F20F50C7200E99D76 /* OtherTableViewCell.swift in Sources */ = {isa = PBXBuildFile; fileRef = A3303A1E20F50C7200E99D76 /* OtherTableViewCell.swift */; };
		A3303A2120F54FF900E99D76 /* CustomTextField.swift in Sources */ = {isa = PBXBuildFile; fileRef = A3303A2020F54FF900E99D76 /* CustomTextField.swift */; };
		A35D6BDF20C725A900B8ADA0 /* AddViewController.swift in Sources */ = {isa = PBXBuildFile; fileRef = A35D6BDE20C725A900B8ADA0 /* AddViewController.swift */; };
		A35D6BE120C7EF4200B8ADA0 /* AddViewControllerExtension.swift in Sources */ = {isa = PBXBuildFile; fileRef = A35D6BE020C7EF4200B8ADA0 /* AddViewControllerExtension.swift */; };
		A35D6BE420C80B9600B8ADA0 /* UIViewControllerExtension.swift in Sources */ = {isa = PBXBuildFile; fileRef = A35D6BE320C80B9600B8ADA0 /* UIViewControllerExtension.swift */; };
		A392D03D20F7BAF2000261E8 /* StringExtension.swift in Sources */ = {isa = PBXBuildFile; fileRef = A392D03C20F7BAF2000261E8 /* StringExtension.swift */; };
		A3A0B4C820C524E00025E433 /* SbisTestContactsTests.swift in Sources */ = {isa = PBXBuildFile; fileRef = A3A0B4C720C524E00025E433 /* SbisTestContactsTests.swift */; };
		A3A0B4D020C52C380025E433 /* FriendTableViewCell.swift in Sources */ = {isa = PBXBuildFile; fileRef = A3A0B4CF20C52C380025E433 /* FriendTableViewCell.swift */; };
		A3A0B4D220C52C6A0025E433 /* ColleagueTableViewCell.swift in Sources */ = {isa = PBXBuildFile; fileRef = A3A0B4D120C52C6A0025E433 /* ColleagueTableViewCell.swift */; };
		A3A0B4D420C52C8F0025E433 /* BaseTableViewCell.swift in Sources */ = {isa = PBXBuildFile; fileRef = A3A0B4D320C52C8F0025E433 /* BaseTableViewCell.swift */; };
		A3A0B4D620C5378F0025E433 /* GradientView.swift in Sources */ = {isa = PBXBuildFile; fileRef = A3A0B4D520C5378F0025E433 /* GradientView.swift */; };
		A3C77B5D20F35B3F009FB6DB /* contacts.json in Resources */ = {isa = PBXBuildFile; fileRef = A3C77B5C20F35B3F009FB6DB /* contacts.json */; };
		A3C77B5F20F35F65009FB6DB /* Person.swift in Sources */ = {isa = PBXBuildFile; fileRef = A3C77B5E20F35F65009FB6DB /* Person.swift */; };
		A3F05F8720C9371F003CD560 /* DetailViewControllerExtension.swift in Sources */ = {isa = PBXBuildFile; fileRef = A3F05F8620C9371F003CD560 /* DetailViewControllerExtension.swift */; };
		A3F8BACA20FB68A300AA0C8D /* CopyLabel.swift in Sources */ = {isa = PBXBuildFile; fileRef = A3F8BAC920FB68A300AA0C8D /* CopyLabel.swift */; };
/* End PBXBuildFile section */

/* Begin PBXContainerItemProxy section */
		A3A0B4CA20C524E00025E433 /* PBXContainerItemProxy */ = {
			isa = PBXContainerItemProxy;
			containerPortal = A32D55D620C128F80005885D /* Project object */;
			proxyType = 1;
			remoteGlobalIDString = A32D55DD20C128F80005885D;
			remoteInfo = SbisTestContacts;
		};
/* End PBXContainerItemProxy section */

/* Begin PBXFileReference section */
		A301DB8420F7E07D00074BBD /* Phonenumber+CoreDataClass.swift */ = {isa = PBXFileReference; lastKnownFileType = sourcecode.swift; path = "Phonenumber+CoreDataClass.swift"; sourceTree = "<group>"; };
		A301DB8520F7E07D00074BBD /* Phonenumber+CoreDataProperties.swift */ = {isa = PBXFileReference; lastKnownFileType = sourcecode.swift; path = "Phonenumber+CoreDataProperties.swift"; sourceTree = "<group>"; };
		A301DB8620F7E07E00074BBD /* Human+CoreDataClass.swift */ = {isa = PBXFileReference; lastKnownFileType = sourcecode.swift; path = "Human+CoreDataClass.swift"; sourceTree = "<group>"; };
		A301DB8720F7E07E00074BBD /* Human+CoreDataProperties.swift */ = {isa = PBXFileReference; lastKnownFileType = sourcecode.swift; path = "Human+CoreDataProperties.swift"; sourceTree = "<group>"; };
		A322B0CD20F4DFCA00661706 /* UIImageViewExtension.swift */ = {isa = PBXFileReference; lastKnownFileType = sourcecode.swift; path = UIImageViewExtension.swift; sourceTree = "<group>"; };
		A32D55DE20C128F80005885D /* SbisTestContacts.app */ = {isa = PBXFileReference; explicitFileType = wrapper.application; includeInIndex = 0; path = SbisTestContacts.app; sourceTree = BUILT_PRODUCTS_DIR; };
		A32D55E120C128F80005885D /* AppDelegate.swift */ = {isa = PBXFileReference; lastKnownFileType = sourcecode.swift; path = AppDelegate.swift; sourceTree = "<group>"; };
		A32D55E920C128F80005885D /* SbisTestContacts.xcdatamodel */ = {isa = PBXFileReference; lastKnownFileType = wrapper.xcdatamodel; path = SbisTestContacts.xcdatamodel; sourceTree = "<group>"; };
		A32D55EB20C128F90005885D /* Assets.xcassets */ = {isa = PBXFileReference; lastKnownFileType = folder.assetcatalog; path = Assets.xcassets; sourceTree = "<group>"; };
		A32D55EE20C128F90005885D /* Base */ = {isa = PBXFileReference; lastKnownFileType = file.storyboard; name = Base; path = Base.lproj/LaunchScreen.storyboard; sourceTree = "<group>"; };
		A32D55F020C128F90005885D /* Info.plist */ = {isa = PBXFileReference; lastKnownFileType = text.plist.xml; path = Info.plist; sourceTree = "<group>"; };
		A32D561A20C40BA70005885D /* MasterViewController.swift */ = {isa = PBXFileReference; lastKnownFileType = sourcecode.swift; path = MasterViewController.swift; sourceTree = "<group>"; };
		A32D561C20C40BD30005885D /* DetailViewController.swift */ = {isa = PBXFileReference; lastKnownFileType = sourcecode.swift; path = DetailViewController.swift; sourceTree = "<group>"; };
		A32D562E20C4180D0005885D /* DataSource.json */ = {isa = PBXFileReference; lastKnownFileType = text.json; path = DataSource.json; sourceTree = "<group>"; };
		A32D563020C422870005885D /* CoreDataStack.swift */ = {isa = PBXFileReference; lastKnownFileType = sourcecode.swift; path = CoreDataStack.swift; sourceTree = "<group>"; };
		A3303A1E20F50C7200E99D76 /* OtherTableViewCell.swift */ = {isa = PBXFileReference; lastKnownFileType = sourcecode.swift; path = OtherTableViewCell.swift; sourceTree = "<group>"; };
		A3303A2020F54FF900E99D76 /* CustomTextField.swift */ = {isa = PBXFileReference; lastKnownFileType = sourcecode.swift; path = CustomTextField.swift; sourceTree = "<group>"; };
		A35D6BDE20C725A900B8ADA0 /* AddViewController.swift */ = {isa = PBXFileReference; lastKnownFileType = sourcecode.swift; path = AddViewController.swift; sourceTree = "<group>"; };
		A35D6BE020C7EF4200B8ADA0 /* AddViewControllerExtension.swift */ = {isa = PBXFileReference; lastKnownFileType = sourcecode.swift; path = AddViewControllerExtension.swift; sourceTree = "<group>"; };
		A35D6BE320C80B9600B8ADA0 /* UIViewControllerExtension.swift */ = {isa = PBXFileReference; lastKnownFileType = sourcecode.swift; path = UIViewControllerExtension.swift; sourceTree = "<group>"; };
		A392D03C20F7BAF2000261E8 /* StringExtension.swift */ = {isa = PBXFileReference; lastKnownFileType = sourcecode.swift; path = StringExtension.swift; sourceTree = "<group>"; };
		A3A0B4C520C524E00025E433 /* SbisTestContactsTests.xctest */ = {isa = PBXFileReference; explicitFileType = wrapper.cfbundle; includeInIndex = 0; path = SbisTestContactsTests.xctest; sourceTree = BUILT_PRODUCTS_DIR; };
		A3A0B4C720C524E00025E433 /* SbisTestContactsTests.swift */ = {isa = PBXFileReference; lastKnownFileType = sourcecode.swift; path = SbisTestContactsTests.swift; sourceTree = "<group>"; };
		A3A0B4C920C524E00025E433 /* Info.plist */ = {isa = PBXFileReference; lastKnownFileType = text.plist.xml; path = Info.plist; sourceTree = "<group>"; };
		A3A0B4CF20C52C380025E433 /* FriendTableViewCell.swift */ = {isa = PBXFileReference; lastKnownFileType = sourcecode.swift; path = FriendTableViewCell.swift; sourceTree = "<group>"; };
		A3A0B4D120C52C6A0025E433 /* ColleagueTableViewCell.swift */ = {isa = PBXFileReference; lastKnownFileType = sourcecode.swift; path = ColleagueTableViewCell.swift; sourceTree = "<group>"; };
		A3A0B4D320C52C8F0025E433 /* BaseTableViewCell.swift */ = {isa = PBXFileReference; lastKnownFileType = sourcecode.swift; path = BaseTableViewCell.swift; sourceTree = "<group>"; };
		A3A0B4D520C5378F0025E433 /* GradientView.swift */ = {isa = PBXFileReference; lastKnownFileType = sourcecode.swift; path = GradientView.swift; sourceTree = "<group>"; };
		A3C77B5C20F35B3F009FB6DB /* contacts.json */ = {isa = PBXFileReference; fileEncoding = 4; lastKnownFileType = text.json; path = contacts.json; sourceTree = "<group>"; };
		A3C77B5E20F35F65009FB6DB /* Person.swift */ = {isa = PBXFileReference; lastKnownFileType = sourcecode.swift; path = Person.swift; sourceTree = "<group>"; };
		A3F05F8620C9371F003CD560 /* DetailViewControllerExtension.swift */ = {isa = PBXFileReference; lastKnownFileType = sourcecode.swift; path = DetailViewControllerExtension.swift; sourceTree = "<group>"; };
		A3F8BAC920FB68A300AA0C8D /* CopyLabel.swift */ = {isa = PBXFileReference; lastKnownFileType = sourcecode.swift; path = CopyLabel.swift; sourceTree = "<group>"; };
/* End PBXFileReference section */

/* Begin PBXFrameworksBuildPhase section */
		A32D55DB20C128F80005885D /* Frameworks */ = {
			isa = PBXFrameworksBuildPhase;
			buildActionMask = 2147483647;
			files = (
			);
			runOnlyForDeploymentPostprocessing = 0;
		};
		A3A0B4C220C524E00025E433 /* Frameworks */ = {
			isa = PBXFrameworksBuildPhase;
			buildActionMask = 2147483647;
			files = (
			);
			runOnlyForDeploymentPostprocessing = 0;
		};
/* End PBXFrameworksBuildPhase section */

/* Begin PBXGroup section */
		A32D55D520C128F80005885D = {
			isa = PBXGroup;
			children = (
				A32D55E020C128F80005885D /* SbisTestContacts */,
				A3A0B4C620C524E00025E433 /* SbisTestContactsTests */,
				A32D55DF20C128F80005885D /* Products */,
			);
			sourceTree = "<group>";
		};
		A32D55DF20C128F80005885D /* Products */ = {
			isa = PBXGroup;
			children = (
				A32D55DE20C128F80005885D /* SbisTestContacts.app */,
				A3A0B4C520C524E00025E433 /* SbisTestContactsTests.xctest */,
			);
			name = Products;
			sourceTree = "<group>";
		};
		A32D55E020C128F80005885D /* SbisTestContacts */ = {
			isa = PBXGroup;
			children = (
				A32D55E120C128F80005885D /* AppDelegate.swift */,
				A35D6BE220C7EF6800B8ADA0 /* Extensions */,
				A32D561E20C40C030005885D /* Model */,
				A32D561F20C40C0A0005885D /* View */,
				A32D562020C40C110005885D /* Controller */,
				A32D562D20C417850005885D /* CoreData */,
				A32D55EB20C128F90005885D /* Assets.xcassets */,
				A32D55ED20C128F90005885D /* LaunchScreen.storyboard */,
				A32D55F020C128F90005885D /* Info.plist */,
				A32D562E20C4180D0005885D /* DataSource.json */,
				A3C77B5C20F35B3F009FB6DB /* contacts.json */,
			);
			path = SbisTestContacts;
			sourceTree = "<group>";
		};
		A32D561E20C40C030005885D /* Model */ = {
			isa = PBXGroup;
			children = (
				A3C77B5E20F35F65009FB6DB /* Person.swift */,
			);
			path = Model;
			sourceTree = "<group>";
		};
		A32D561F20C40C0A0005885D /* View */ = {
			isa = PBXGroup;
			children = (
				A3A0B4D520C5378F0025E433 /* GradientView.swift */,
				A3A0B4D320C52C8F0025E433 /* BaseTableViewCell.swift */,
				A3A0B4CF20C52C380025E433 /* FriendTableViewCell.swift */,
				A3A0B4D120C52C6A0025E433 /* ColleagueTableViewCell.swift */,
				A3303A1E20F50C7200E99D76 /* OtherTableViewCell.swift */,
				A3303A2020F54FF900E99D76 /* CustomTextField.swift */,
				A3F8BAC920FB68A300AA0C8D /* CopyLabel.swift */,
			);
			path = View;
			sourceTree = "<group>";
		};
		A32D562020C40C110005885D /* Controller */ = {
			isa = PBXGroup;
			children = (
				A32D561A20C40BA70005885D /* MasterViewController.swift */,
				A32D561C20C40BD30005885D /* DetailViewController.swift */,
				A35D6BDE20C725A900B8ADA0 /* AddViewController.swift */,
			);
			path = Controller;
			sourceTree = "<group>";
		};
		A32D562D20C417850005885D /* CoreData */ = {
			isa = PBXGroup;
			children = (
				A35D6BE720C86BA200B8ADA0 /* CoreDataStack */,
				A32D55E820C128F80005885D /* SbisTestContacts.xcdatamodeld */,
				A301DB8420F7E07D00074BBD /* Phonenumber+CoreDataClass.swift */,
				A301DB8520F7E07D00074BBD /* Phonenumber+CoreDataProperties.swift */,
				A301DB8620F7E07E00074BBD /* Human+CoreDataClass.swift */,
				A301DB8720F7E07E00074BBD /* Human+CoreDataProperties.swift */,
			);
			path = CoreData;
			sourceTree = "<group>";
		};
		A35D6BE220C7EF6800B8ADA0 /* Extensions */ = {
			isa = PBXGroup;
			children = (
				A35D6BE320C80B9600B8ADA0 /* UIViewControllerExtension.swift */,
				A35D6BE020C7EF4200B8ADA0 /* AddViewControllerExtension.swift */,
				A3F05F8620C9371F003CD560 /* DetailViewControllerExtension.swift */,
				A322B0CD20F4DFCA00661706 /* UIImageViewExtension.swift */,
				A392D03C20F7BAF2000261E8 /* StringExtension.swift */,
			);
			path = Extensions;
			sourceTree = "<group>";
		};
		A35D6BE720C86BA200B8ADA0 /* CoreDataStack */ = {
			isa = PBXGroup;
			children = (
				A32D563020C422870005885D /* CoreDataStack.swift */,
			);
			path = CoreDataStack;
			sourceTree = "<group>";
		};
		A3A0B4C620C524E00025E433 /* SbisTestContactsTests */ = {
			isa = PBXGroup;
			children = (
				A3A0B4C720C524E00025E433 /* SbisTestContactsTests.swift */,
				A3A0B4C920C524E00025E433 /* Info.plist */,
			);
			path = SbisTestContactsTests;
			sourceTree = "<group>";
		};
/* End PBXGroup section */

/* Begin PBXNativeTarget section */
		A32D55DD20C128F80005885D /* SbisTestContacts */ = {
			isa = PBXNativeTarget;
			buildConfigurationList = A32D55F320C128F90005885D /* Build configuration list for PBXNativeTarget "SbisTestContacts" */;
			buildPhases = (
				A32D55DA20C128F80005885D /* Sources */,
				A32D55DB20C128F80005885D /* Frameworks */,
				A32D55DC20C128F80005885D /* Resources */,
			);
			buildRules = (
			);
			dependencies = (
			);
			name = SbisTestContacts;
			productName = SbisTestContacts;
			productReference = A32D55DE20C128F80005885D /* SbisTestContacts.app */;
			productType = "com.apple.product-type.application";
		};
		A3A0B4C420C524E00025E433 /* SbisTestContactsTests */ = {
			isa = PBXNativeTarget;
			buildConfigurationList = A3A0B4CC20C524E00025E433 /* Build configuration list for PBXNativeTarget "SbisTestContactsTests" */;
			buildPhases = (
				A3A0B4C120C524E00025E433 /* Sources */,
				A3A0B4C220C524E00025E433 /* Frameworks */,
				A3A0B4C320C524E00025E433 /* Resources */,
			);
			buildRules = (
			);
			dependencies = (
				A3A0B4CB20C524E00025E433 /* PBXTargetDependency */,
			);
			name = SbisTestContactsTests;
			productName = SbisTestContactsTests;
			productReference = A3A0B4C520C524E00025E433 /* SbisTestContactsTests.xctest */;
			productType = "com.apple.product-type.bundle.unit-test";
		};
/* End PBXNativeTarget section */

/* Begin PBXProject section */
		A32D55D620C128F80005885D /* Project object */ = {
			isa = PBXProject;
			attributes = {
				LastSwiftUpdateCheck = 0940;
				LastUpgradeCheck = 0940;
				ORGANIZATIONNAME = "Евгений Стадник";
				TargetAttributes = {
					A32D55DD20C128F80005885D = {
						CreatedOnToolsVersion = 9.4;
					};
					A3A0B4C420C524E00025E433 = {
						CreatedOnToolsVersion = 9.4;
						TestTargetID = A32D55DD20C128F80005885D;
					};
				};
			};
			buildConfigurationList = A32D55D920C128F80005885D /* Build configuration list for PBXProject "SbisTestContacts" */;
			compatibilityVersion = "Xcode 9.3";
			developmentRegion = en;
			hasScannedForEncodings = 0;
			knownRegions = (
				en,
				Base,
			);
			mainGroup = A32D55D520C128F80005885D;
			productRefGroup = A32D55DF20C128F80005885D /* Products */;
			projectDirPath = "";
			projectRoot = "";
			targets = (
				A32D55DD20C128F80005885D /* SbisTestContacts */,
				A3A0B4C420C524E00025E433 /* SbisTestContactsTests */,
			);
		};
/* End PBXProject section */

/* Begin PBXResourcesBuildPhase section */
		A32D55DC20C128F80005885D /* Resources */ = {
			isa = PBXResourcesBuildPhase;
			buildActionMask = 2147483647;
			files = (
				A3C77B5D20F35B3F009FB6DB /* contacts.json in Resources */,
				A32D55EF20C128F90005885D /* LaunchScreen.storyboard in Resources */,
				A32D562F20C4180D0005885D /* DataSource.json in Resources */,
				A32D55EC20C128F90005885D /* Assets.xcassets in Resources */,
			);
			runOnlyForDeploymentPostprocessing = 0;
		};
		A3A0B4C320C524E00025E433 /* Resources */ = {
			isa = PBXResourcesBuildPhase;
			buildActionMask = 2147483647;
			files = (
			);
			runOnlyForDeploymentPostprocessing = 0;
		};
/* End PBXResourcesBuildPhase section */

/* Begin PBXSourcesBuildPhase section */
		A32D55DA20C128F80005885D /* Sources */ = {
			isa = PBXSourcesBuildPhase;
			buildActionMask = 2147483647;
			files = (
				A3F8BACA20FB68A300AA0C8D /* CopyLabel.swift in Sources */,
				A32D55EA20C128F80005885D /* SbisTestContacts.xcdatamodeld in Sources */,
				A301DB8B20F7E07E00074BBD /* Human+CoreDataProperties.swift in Sources */,
				A35D6BE420C80B9600B8ADA0 /* UIViewControllerExtension.swift in Sources */,
				A3A0B4D620C5378F0025E433 /* GradientView.swift in Sources */,
				A32D55E220C128F80005885D /* AppDelegate.swift in Sources */,
				A35D6BE120C7EF4200B8ADA0 /* AddViewControllerExtension.swift in Sources */,
				A3A0B4D020C52C380025E433 /* FriendTableViewCell.swift in Sources */,
				A301DB8A20F7E07E00074BBD /* Human+CoreDataClass.swift in Sources */,
				A3A0B4D420C52C8F0025E433 /* BaseTableViewCell.swift in Sources */,
				A3A0B4D220C52C6A0025E433 /* ColleagueTableViewCell.swift in Sources */,
				A3C77B5F20F35F65009FB6DB /* Person.swift in Sources */,
				A301DB8920F7E07E00074BBD /* Phonenumber+CoreDataProperties.swift in Sources */,
				A3303A1F20F50C7200E99D76 /* OtherTableViewCell.swift in Sources */,
				A3303A2120F54FF900E99D76 /* CustomTextField.swift in Sources */,
				A32D561B20C40BA70005885D /* MasterViewController.swift in Sources */,
				A3F05F8720C9371F003CD560 /* DetailViewControllerExtension.swift in Sources */,
				A322B0CE20F4DFCA00661706 /* UIImageViewExtension.swift in Sources */,
				A301DB8820F7E07E00074BBD /* Phonenumber+CoreDataClass.swift in Sources */,
				A392D03D20F7BAF2000261E8 /* StringExtension.swift in Sources */,
				A35D6BDF20C725A900B8ADA0 /* AddViewController.swift in Sources */,
				A32D563120C422880005885D /* CoreDataStack.swift in Sources */,
				A32D561D20C40BD30005885D /* DetailViewController.swift in Sources */,
			);
			runOnlyForDeploymentPostprocessing = 0;
		};
		A3A0B4C120C524E00025E433 /* Sources */ = {
			isa = PBXSourcesBuildPhase;
			buildActionMask = 2147483647;
			files = (
				A3A0B4C820C524E00025E433 /* SbisTestContactsTests.swift in Sources */,
			);
			runOnlyForDeploymentPostprocessing = 0;
		};
/* End PBXSourcesBuildPhase section */

/* Begin PBXTargetDependency section */
		A3A0B4CB20C524E00025E433 /* PBXTargetDependency */ = {
			isa = PBXTargetDependency;
			target = A32D55DD20C128F80005885D /* SbisTestContacts */;
			targetProxy = A3A0B4CA20C524E00025E433 /* PBXContainerItemProxy */;
		};
/* End PBXTargetDependency section */

/* Begin PBXVariantGroup section */
		A32D55ED20C128F90005885D /* LaunchScreen.storyboard */ = {
			isa = PBXVariantGroup;
			children = (
				A32D55EE20C128F90005885D /* Base */,
			);
			name = LaunchScreen.storyboard;
			sourceTree = "<group>";
		};
/* End PBXVariantGroup section */

/* Begin XCBuildConfiguration section */
		A32D55F120C128F90005885D /* Debug */ = {
			isa = XCBuildConfiguration;
			buildSettings = {
				ALWAYS_SEARCH_USER_PATHS = NO;
				CLANG_ANALYZER_NONNULL = YES;
				CLANG_ANALYZER_NUMBER_OBJECT_CONVERSION = YES_AGGRESSIVE;
				CLANG_CXX_LANGUAGE_STANDARD = "gnu++14";
				CLANG_CXX_LIBRARY = "libc++";
				CLANG_ENABLE_MODULES = YES;
				CLANG_ENABLE_OBJC_ARC = YES;
				CLANG_ENABLE_OBJC_WEAK = YES;
				CLANG_WARN_BLOCK_CAPTURE_AUTORELEASING = YES;
				CLANG_WARN_BOOL_CONVERSION = YES;
				CLANG_WARN_COMMA = YES;
				CLANG_WARN_CONSTANT_CONVERSION = YES;
				CLANG_WARN_DEPRECATED_OBJC_IMPLEMENTATIONS = YES;
				CLANG_WARN_DIRECT_OBJC_ISA_USAGE = YES_ERROR;
				CLANG_WARN_DOCUMENTATION_COMMENTS = YES;
				CLANG_WARN_EMPTY_BODY = YES;
				CLANG_WARN_ENUM_CONVERSION = YES;
				CLANG_WARN_INFINITE_RECURSION = YES;
				CLANG_WARN_INT_CONVERSION = YES;
				CLANG_WARN_NON_LITERAL_NULL_CONVERSION = YES;
				CLANG_WARN_OBJC_IMPLICIT_RETAIN_SELF = YES;
				CLANG_WARN_OBJC_LITERAL_CONVERSION = YES;
				CLANG_WARN_OBJC_ROOT_CLASS = YES_ERROR;
				CLANG_WARN_RANGE_LOOP_ANALYSIS = YES;
				CLANG_WARN_STRICT_PROTOTYPES = YES;
				CLANG_WARN_SUSPICIOUS_MOVE = YES;
				CLANG_WARN_UNGUARDED_AVAILABILITY = YES_AGGRESSIVE;
				CLANG_WARN_UNREACHABLE_CODE = YES;
				CLANG_WARN__DUPLICATE_METHOD_MATCH = YES;
				CODE_SIGN_IDENTITY = "iPhone Developer";
				COPY_PHASE_STRIP = NO;
				DEBUG_INFORMATION_FORMAT = dwarf;
				ENABLE_STRICT_OBJC_MSGSEND = YES;
				ENABLE_TESTABILITY = YES;
				GCC_C_LANGUAGE_STANDARD = gnu11;
				GCC_DYNAMIC_NO_PIC = NO;
				GCC_NO_COMMON_BLOCKS = YES;
				GCC_OPTIMIZATION_LEVEL = 0;
				GCC_PREPROCESSOR_DEFINITIONS = (
					"DEBUG=1",
					"$(inherited)",
				);
				GCC_WARN_64_TO_32_BIT_CONVERSION = YES;
				GCC_WARN_ABOUT_RETURN_TYPE = YES_ERROR;
				GCC_WARN_UNDECLARED_SELECTOR = YES;
				GCC_WARN_UNINITIALIZED_AUTOS = YES_AGGRESSIVE;
				GCC_WARN_UNUSED_FUNCTION = YES;
				GCC_WARN_UNUSED_VARIABLE = YES;
				IPHONEOS_DEPLOYMENT_TARGET = 11.4;
				MTL_ENABLE_DEBUG_INFO = YES;
				ONLY_ACTIVE_ARCH = YES;
				SDKROOT = iphoneos;
				SWIFT_ACTIVE_COMPILATION_CONDITIONS = DEBUG;
				SWIFT_OPTIMIZATION_LEVEL = "-Onone";
			};
			name = Debug;
		};
		A32D55F220C128F90005885D /* Release */ = {
			isa = XCBuildConfiguration;
			buildSettings = {
				ALWAYS_SEARCH_USER_PATHS = NO;
				CLANG_ANALYZER_NONNULL = YES;
				CLANG_ANALYZER_NUMBER_OBJECT_CONVERSION = YES_AGGRESSIVE;
				CLANG_CXX_LANGUAGE_STANDARD = "gnu++14";
				CLANG_CXX_LIBRARY = "libc++";
				CLANG_ENABLE_MODULES = YES;
				CLANG_ENABLE_OBJC_ARC = YES;
				CLANG_ENABLE_OBJC_WEAK = YES;
				CLANG_WARN_BLOCK_CAPTURE_AUTORELEASING = YES;
				CLANG_WARN_BOOL_CONVERSION = YES;
				CLANG_WARN_COMMA = YES;
				CLANG_WARN_CONSTANT_CONVERSION = YES;
				CLANG_WARN_DEPRECATED_OBJC_IMPLEMENTATIONS = YES;
				CLANG_WARN_DIRECT_OBJC_ISA_USAGE = YES_ERROR;
				CLANG_WARN_DOCUMENTATION_COMMENTS = YES;
				CLANG_WARN_EMPTY_BODY = YES;
				CLANG_WARN_ENUM_CONVERSION = YES;
				CLANG_WARN_INFINITE_RECURSION = YES;
				CLANG_WARN_INT_CONVERSION = YES;
				CLANG_WARN_NON_LITERAL_NULL_CONVERSION = YES;
				CLANG_WARN_OBJC_IMPLICIT_RETAIN_SELF = YES;
				CLANG_WARN_OBJC_LITERAL_CONVERSION = YES;
				CLANG_WARN_OBJC_ROOT_CLASS = YES_ERROR;
				CLANG_WARN_RANGE_LOOP_ANALYSIS = YES;
				CLANG_WARN_STRICT_PROTOTYPES = YES;
				CLANG_WARN_SUSPICIOUS_MOVE = YES;
				CLANG_WARN_UNGUARDED_AVAILABILITY = YES_AGGRESSIVE;
				CLANG_WARN_UNREACHABLE_CODE = YES;
				CLANG_WARN__DUPLICATE_METHOD_MATCH = YES;
				CODE_SIGN_IDENTITY = "iPhone Developer";
				COPY_PHASE_STRIP = NO;
				DEBUG_INFORMATION_FORMAT = "dwarf-with-dsym";
				ENABLE_NS_ASSERTIONS = NO;
				ENABLE_STRICT_OBJC_MSGSEND = YES;
				GCC_C_LANGUAGE_STANDARD = gnu11;
				GCC_NO_COMMON_BLOCKS = YES;
				GCC_WARN_64_TO_32_BIT_CONVERSION = YES;
				GCC_WARN_ABOUT_RETURN_TYPE = YES_ERROR;
				GCC_WARN_UNDECLARED_SELECTOR = YES;
				GCC_WARN_UNINITIALIZED_AUTOS = YES_AGGRESSIVE;
				GCC_WARN_UNUSED_FUNCTION = YES;
				GCC_WARN_UNUSED_VARIABLE = YES;
				IPHONEOS_DEPLOYMENT_TARGET = 11.4;
				MTL_ENABLE_DEBUG_INFO = NO;
				SDKROOT = iphoneos;
				SWIFT_COMPILATION_MODE = wholemodule;
				SWIFT_OPTIMIZATION_LEVEL = "-O";
				VALIDATE_PRODUCT = YES;
			};
			name = Release;
		};
		A32D55F420C128F90005885D /* Debug */ = {
			isa = XCBuildConfiguration;
			buildSettings = {
				ASSETCATALOG_COMPILER_APPICON_NAME = AppIcon;
				CODE_SIGN_STYLE = Automatic;
				DEVELOPMENT_TEAM = 7LYU2M2ZEF;
				INFOPLIST_FILE = SbisTestContacts/Info.plist;
				IPHONEOS_DEPLOYMENT_TARGET = 10.0;
				LD_RUNPATH_SEARCH_PATHS = (
					"$(inherited)",
					"@executable_path/Frameworks",
				);
				PRODUCT_BUNDLE_IDENTIFIER = self.SbisTestContacts;
				PRODUCT_NAME = "$(TARGET_NAME)";
				SWIFT_VERSION = 4.0;
				TARGETED_DEVICE_FAMILY = "1,2";
			};
			name = Debug;
		};
		A32D55F520C128F90005885D /* Release */ = {
			isa = XCBuildConfiguration;
			buildSettings = {
				ASSETCATALOG_COMPILER_APPICON_NAME = AppIcon;
				CODE_SIGN_STYLE = Automatic;
				DEVELOPMENT_TEAM = 7LYU2M2ZEF;
				INFOPLIST_FILE = SbisTestContacts/Info.plist;
				IPHONEOS_DEPLOYMENT_TARGET = 10.0;
				LD_RUNPATH_SEARCH_PATHS = (
					"$(inherited)",
					"@executable_path/Frameworks",
				);
				PRODUCT_BUNDLE_IDENTIFIER = self.SbisTestContacts;
				PRODUCT_NAME = "$(TARGET_NAME)";
				SWIFT_VERSION = 4.0;
				TARGETED_DEVICE_FAMILY = "1,2";
			};
			name = Release;
		};
		A3A0B4CD20C524E00025E433 /* Debug */ = {
			isa = XCBuildConfiguration;
			buildSettings = {
				BUNDLE_LOADER = "$(TEST_HOST)";
				CODE_SIGN_STYLE = Automatic;
				DEVELOPMENT_TEAM = 7LYU2M2ZEF;
				INFOPLIST_FILE = SbisTestContactsTests/Info.plist;
				LD_RUNPATH_SEARCH_PATHS = (
					"$(inherited)",
					"@executable_path/Frameworks",
					"@loader_path/Frameworks",
				);
				PRODUCT_BUNDLE_IDENTIFIER = self.SbisTestContactsTests;
				PRODUCT_NAME = "$(TARGET_NAME)";
				SWIFT_VERSION = 4.0;
				TARGETED_DEVICE_FAMILY = "1,2";
				TEST_HOST = "$(BUILT_PRODUCTS_DIR)/SbisTestContacts.app/SbisTestContacts";
			};
			name = Debug;
		};
		A3A0B4CE20C524E00025E433 /* Release */ = {
			isa = XCBuildConfiguration;
			buildSettings = {
				BUNDLE_LOADER = "$(TEST_HOST)";
				CODE_SIGN_STYLE = Automatic;
				DEVELOPMENT_TEAM = 7LYU2M2ZEF;
				INFOPLIST_FILE = SbisTestContactsTests/Info.plist;
				LD_RUNPATH_SEARCH_PATHS = (
					"$(inherited)",
					"@executable_path/Frameworks",
					"@loader_path/Frameworks",
				);
				PRODUCT_BUNDLE_IDENTIFIER = self.SbisTestContactsTests;
				PRODUCT_NAME = "$(TARGET_NAME)";
				SWIFT_VERSION = 4.0;
				TARGETED_DEVICE_FAMILY = "1,2";
				TEST_HOST = "$(BUILT_PRODUCTS_DIR)/SbisTestContacts.app/SbisTestContacts";
			};
			name = Release;
		};
/* End XCBuildConfiguration section */

/* Begin XCConfigurationList section */
		A32D55D920C128F80005885D /* Build configuration list for PBXProject "SbisTestContacts" */ = {
			isa = XCConfigurationList;
			buildConfigurations = (
				A32D55F120C128F90005885D /* Debug */,
				A32D55F220C128F90005885D /* Release */,
			);
			defaultConfigurationIsVisible = 0;
			defaultConfigurationName = Release;
		};
		A32D55F320C128F90005885D /* Build configuration list for PBXNativeTarget "SbisTestContacts" */ = {
			isa = XCConfigurationList;
			buildConfigurations = (
				A32D55F420C128F90005885D /* Debug */,
				A32D55F520C128F90005885D /* Release */,
			);
			defaultConfigurationIsVisible = 0;
			defaultConfigurationName = Release;
		};
		A3A0B4CC20C524E00025E433 /* Build configuration list for PBXNativeTarget "SbisTestContactsTests" */ = {
			isa = XCConfigurationList;
			buildConfigurations = (
				A3A0B4CD20C524E00025E433 /* Debug */,
				A3A0B4CE20C524E00025E433 /* Release */,
			);
			defaultConfigurationIsVisible = 0;
			defaultConfigurationName = Release;
		};
/* End XCConfigurationList section */

/* Begin XCVersionGroup section */
		A32D55E820C128F80005885D /* SbisTestContacts.xcdatamodeld */ = {
			isa = XCVersionGroup;
			children = (
				A32D55E920C128F80005885D /* SbisTestContacts.xcdatamodel */,
			);
			currentVersion = A32D55E920C128F80005885D /* SbisTestContacts.xcdatamodel */;
			path = SbisTestContacts.xcdatamodeld;
			sourceTree = "<group>";
			versionGroupType = wrapper.xcdatamodel;
		};
/* End XCVersionGroup section */
	};
	rootObject = A32D55D620C128F80005885D /* Project object */;
}
